// !$*UTF8*$!
{
	archiveVersion = 1;
	classes = {
	};
	objectVersion = 56;
	objects = {

/* Begin PBXBuildFile section */
		622BD9902C2A17840024E315 /* CategoryListView.swift in Sources */ = {isa = PBXBuildFile; fileRef = 622BD98F2C2A17840024E315 /* CategoryListView.swift */; };
		622BD9922C2A25790024E315 /* TrendingFeedView.swift in Sources */ = {isa = PBXBuildFile; fileRef = 622BD9912C2A25790024E315 /* TrendingFeedView.swift */; };
		62644D9B2C25AE9E00B09629 /* ArticleDetailView.swift in Sources */ = {isa = PBXBuildFile; fileRef = 62644D9A2C25AE9E00B09629 /* ArticleDetailView.swift */; };
		626667AC2C25966500BC6E8C /* WebView.swift in Sources */ = {isa = PBXBuildFile; fileRef = 626667AB2C25966500BC6E8C /* WebView.swift */; };
		6266D9952C274A8000864C41 /* PersonalFeedView.swift in Sources */ = {isa = PBXBuildFile; fileRef = 6266D9942C274A8000864C41 /* PersonalFeedView.swift */; };
		6266D9982C274DCC00864C41 /* PersonalFeedViewModel.swift in Sources */ = {isa = PBXBuildFile; fileRef = 6266D9972C274DCC00864C41 /* PersonalFeedViewModel.swift */; };
		6266D99A2C2797BB00864C41 /* ArticleGroupView.swift in Sources */ = {isa = PBXBuildFile; fileRef = 6266D9992C2797BB00864C41 /* ArticleGroupView.swift */; };
		6266D99C2C289C9F00864C41 /* CategorizedFeedView.swift in Sources */ = {isa = PBXBuildFile; fileRef = 6266D99B2C289C9F00864C41 /* CategorizedFeedView.swift */; };
		62716FBC2C2B33DD0030DD3F /* UserDefaultKeys.swift in Sources */ = {isa = PBXBuildFile; fileRef = 62716FBB2C2B33DD0030DD3F /* UserDefaultKeys.swift */; };
		62716FBE2C2B3B470030DD3F /* Extensions.swift in Sources */ = {isa = PBXBuildFile; fileRef = 62716FBD2C2B3B470030DD3F /* Extensions.swift */; };
		62716FC02C2B5D720030DD3F /* LargeArticleCellView.swift in Sources */ = {isa = PBXBuildFile; fileRef = 62716FBF2C2B5D720030DD3F /* LargeArticleCellView.swift */; };
		62716FC22C2B648A0030DD3F /* PersonalHeaderView.swift in Sources */ = {isa = PBXBuildFile; fileRef = 62716FC12C2B648A0030DD3F /* PersonalHeaderView.swift */; };
		62716FC42C2B69650030DD3F /* CategoryTitleView.swift in Sources */ = {isa = PBXBuildFile; fileRef = 62716FC32C2B69650030DD3F /* CategoryTitleView.swift */; };
		62716FC62C2B6B880030DD3F /* ArticleSearchView.swift in Sources */ = {isa = PBXBuildFile; fileRef = 62716FC52C2B6B880030DD3F /* ArticleSearchView.swift */; };
		62716FC82C2B715D0030DD3F /* SearchViewModel.swift in Sources */ = {isa = PBXBuildFile; fileRef = 62716FC72C2B715D0030DD3F /* SearchViewModel.swift */; };
		62716FCA2C2B76590030DD3F /* CustomTabBar.swift in Sources */ = {isa = PBXBuildFile; fileRef = 62716FC92C2B76590030DD3F /* CustomTabBar.swift */; };
		62EB74ED2C24C514009F923D /* NewsApp.swift in Sources */ = {isa = PBXBuildFile; fileRef = 62EB74EC2C24C514009F923D /* NewsApp.swift */; };
		62EB74EF2C24C514009F923D /* ContentView.swift in Sources */ = {isa = PBXBuildFile; fileRef = 62EB74EE2C24C514009F923D /* ContentView.swift */; };
		62EB74F12C24C516009F923D /* Assets.xcassets in Resources */ = {isa = PBXBuildFile; fileRef = 62EB74F02C24C516009F923D /* Assets.xcassets */; };
		62EB74F42C24C516009F923D /* Preview Assets.xcassets in Resources */ = {isa = PBXBuildFile; fileRef = 62EB74F32C24C516009F923D /* Preview Assets.xcassets */; };
		62EB74FC2C24C6B8009F923D /* ArticleListView.swift in Sources */ = {isa = PBXBuildFile; fileRef = 62EB74FB2C24C6B8009F923D /* ArticleListView.swift */; };
		62EB75022C24CB92009F923D /* Article.swift in Sources */ = {isa = PBXBuildFile; fileRef = 62EB75012C24CB92009F923D /* Article.swift */; };
		62EB75042C24CD1F009F923D /* ArticleResponse.swift in Sources */ = {isa = PBXBuildFile; fileRef = 62EB75032C24CD1F009F923D /* ArticleResponse.swift */; };
		62EB75092C24CE2C009F923D /* ArticleListViewModel.swift in Sources */ = {isa = PBXBuildFile; fileRef = 62EB75082C24CE2C009F923D /* ArticleListViewModel.swift */; };
		62EB750C2C24ECE6009F923D /* SmallArticleCellView.swift in Sources */ = {isa = PBXBuildFile; fileRef = 62EB750B2C24ECE6009F923D /* SmallArticleCellView.swift */; };
/* End PBXBuildFile section */

/* Begin PBXFileReference section */
		622BD98F2C2A17840024E315 /* CategoryListView.swift */ = {isa = PBXFileReference; lastKnownFileType = sourcecode.swift; path = CategoryListView.swift; sourceTree = "<group>"; };
		622BD9912C2A25790024E315 /* TrendingFeedView.swift */ = {isa = PBXFileReference; lastKnownFileType = sourcecode.swift; path = TrendingFeedView.swift; sourceTree = "<group>"; };
		62644D9A2C25AE9E00B09629 /* ArticleDetailView.swift */ = {isa = PBXFileReference; lastKnownFileType = sourcecode.swift; path = ArticleDetailView.swift; sourceTree = "<group>"; };
		626667AB2C25966500BC6E8C /* WebView.swift */ = {isa = PBXFileReference; lastKnownFileType = sourcecode.swift; path = WebView.swift; sourceTree = "<group>"; };
		6266D9942C274A8000864C41 /* PersonalFeedView.swift */ = {isa = PBXFileReference; lastKnownFileType = sourcecode.swift; path = PersonalFeedView.swift; sourceTree = "<group>"; };
		6266D9972C274DCC00864C41 /* PersonalFeedViewModel.swift */ = {isa = PBXFileReference; lastKnownFileType = sourcecode.swift; path = PersonalFeedViewModel.swift; sourceTree = "<group>"; };
		6266D9992C2797BB00864C41 /* ArticleGroupView.swift */ = {isa = PBXFileReference; lastKnownFileType = sourcecode.swift; path = ArticleGroupView.swift; sourceTree = "<group>"; };
		6266D99B2C289C9F00864C41 /* CategorizedFeedView.swift */ = {isa = PBXFileReference; lastKnownFileType = sourcecode.swift; path = CategorizedFeedView.swift; sourceTree = "<group>"; };
		62716FBB2C2B33DD0030DD3F /* UserDefaultKeys.swift */ = {isa = PBXFileReference; lastKnownFileType = sourcecode.swift; path = UserDefaultKeys.swift; sourceTree = "<group>"; };
		62716FBD2C2B3B470030DD3F /* Extensions.swift */ = {isa = PBXFileReference; lastKnownFileType = sourcecode.swift; path = Extensions.swift; sourceTree = "<group>"; };
		62716FBF2C2B5D720030DD3F /* LargeArticleCellView.swift */ = {isa = PBXFileReference; lastKnownFileType = sourcecode.swift; path = LargeArticleCellView.swift; sourceTree = "<group>"; };
		62716FC12C2B648A0030DD3F /* PersonalHeaderView.swift */ = {isa = PBXFileReference; lastKnownFileType = sourcecode.swift; path = PersonalHeaderView.swift; sourceTree = "<group>"; };
		62716FC32C2B69650030DD3F /* CategoryTitleView.swift */ = {isa = PBXFileReference; lastKnownFileType = sourcecode.swift; path = CategoryTitleView.swift; sourceTree = "<group>"; };
		62716FC52C2B6B880030DD3F /* ArticleSearchView.swift */ = {isa = PBXFileReference; lastKnownFileType = sourcecode.swift; path = ArticleSearchView.swift; sourceTree = "<group>"; };
		62716FC72C2B715D0030DD3F /* SearchViewModel.swift */ = {isa = PBXFileReference; lastKnownFileType = sourcecode.swift; path = SearchViewModel.swift; sourceTree = "<group>"; };
		62716FC92C2B76590030DD3F /* CustomTabBar.swift */ = {isa = PBXFileReference; lastKnownFileType = sourcecode.swift; path = CustomTabBar.swift; sourceTree = "<group>"; };
		62EB74E92C24C514009F923D /* News.app */ = {isa = PBXFileReference; explicitFileType = wrapper.application; includeInIndex = 0; path = News.app; sourceTree = BUILT_PRODUCTS_DIR; };
		62EB74EC2C24C514009F923D /* NewsApp.swift */ = {isa = PBXFileReference; lastKnownFileType = sourcecode.swift; path = NewsApp.swift; sourceTree = "<group>"; };
		62EB74EE2C24C514009F923D /* ContentView.swift */ = {isa = PBXFileReference; lastKnownFileType = sourcecode.swift; path = ContentView.swift; sourceTree = "<group>"; };
		62EB74F02C24C516009F923D /* Assets.xcassets */ = {isa = PBXFileReference; lastKnownFileType = folder.assetcatalog; path = Assets.xcassets; sourceTree = "<group>"; };
		62EB74F32C24C516009F923D /* Preview Assets.xcassets */ = {isa = PBXFileReference; lastKnownFileType = folder.assetcatalog; path = "Preview Assets.xcassets"; sourceTree = "<group>"; };
		62EB74FB2C24C6B8009F923D /* ArticleListView.swift */ = {isa = PBXFileReference; lastKnownFileType = sourcecode.swift; path = ArticleListView.swift; sourceTree = "<group>"; };
		62EB75012C24CB92009F923D /* Article.swift */ = {isa = PBXFileReference; lastKnownFileType = sourcecode.swift; path = Article.swift; sourceTree = "<group>"; };
		62EB75032C24CD1F009F923D /* ArticleResponse.swift */ = {isa = PBXFileReference; lastKnownFileType = sourcecode.swift; path = ArticleResponse.swift; sourceTree = "<group>"; };
		62EB75082C24CE2C009F923D /* ArticleListViewModel.swift */ = {isa = PBXFileReference; lastKnownFileType = sourcecode.swift; path = ArticleListViewModel.swift; sourceTree = "<group>"; };
		62EB750B2C24ECE6009F923D /* SmallArticleCellView.swift */ = {isa = PBXFileReference; lastKnownFileType = sourcecode.swift; path = SmallArticleCellView.swift; sourceTree = "<group>"; };
/* End PBXFileReference section */

/* Begin PBXFrameworksBuildPhase section */
		62EB74E62C24C514009F923D /* Frameworks */ = {
			isa = PBXFrameworksBuildPhase;
			buildActionMask = 2147483647;
			files = (
			);
			runOnlyForDeploymentPostprocessing = 0;
		};
/* End PBXFrameworksBuildPhase section */

/* Begin PBXGroup section */
		626667AA2C25965000BC6E8C /* ArticleDetail */ = {
			isa = PBXGroup;
			children = (
				626667AB2C25966500BC6E8C /* WebView.swift */,
				62644D9A2C25AE9E00B09629 /* ArticleDetailView.swift */,
			);
			path = ArticleDetail;
			sourceTree = "<group>";
		};
		62716FBA2C2B33CF0030DD3F /* Utils */ = {
			isa = PBXGroup;
			children = (
				62716FBB2C2B33DD0030DD3F /* UserDefaultKeys.swift */,
				62716FBD2C2B3B470030DD3F /* Extensions.swift */,
			);
			path = Utils;
			sourceTree = "<group>";
		};
		62EB74E02C24C514009F923D = {
			isa = PBXGroup;
			children = (
				62EB74EB2C24C514009F923D /* News */,
				62EB74EA2C24C514009F923D /* Products */,
			);
			sourceTree = "<group>";
		};
		62EB74EA2C24C514009F923D /* Products */ = {
			isa = PBXGroup;
			children = (
				62EB74E92C24C514009F923D /* News.app */,
			);
			name = Products;
			sourceTree = "<group>";
		};
		62EB74EB2C24C514009F923D /* News */ = {
			isa = PBXGroup;
			children = (
				62716FBA2C2B33CF0030DD3F /* Utils */,
				62EB75062C24CE1B009F923D /* ViewModel */,
				62EB75052C24CE13009F923D /* View */,
				62EB75002C24CA6B009F923D /* Model */,
				62EB74EC2C24C514009F923D /* NewsApp.swift */,
				62EB74EE2C24C514009F923D /* ContentView.swift */,
				62EB74F02C24C516009F923D /* Assets.xcassets */,
				62EB74F22C24C516009F923D /* Preview Content */,
			);
			path = News;
			sourceTree = "<group>";
		};
		62EB74F22C24C516009F923D /* Preview Content */ = {
			isa = PBXGroup;
			children = (
				62EB74F32C24C516009F923D /* Preview Assets.xcassets */,
			);
			path = "Preview Content";
			sourceTree = "<group>";
		};
		62EB75002C24CA6B009F923D /* Model */ = {
			isa = PBXGroup;
			children = (
				62EB75012C24CB92009F923D /* Article.swift */,
				62EB75032C24CD1F009F923D /* ArticleResponse.swift */,
			);
			path = Model;
			sourceTree = "<group>";
		};
		62EB75052C24CE13009F923D /* View */ = {
			isa = PBXGroup;
			children = (
				62716FC52C2B6B880030DD3F /* ArticleSearchView.swift */,
				62716FC12C2B648A0030DD3F /* PersonalHeaderView.swift */,
				62716FC32C2B69650030DD3F /* CategoryTitleView.swift */,
				622BD9912C2A25790024E315 /* TrendingFeedView.swift */,
				6266D99B2C289C9F00864C41 /* CategorizedFeedView.swift */,
				6266D9942C274A8000864C41 /* PersonalFeedView.swift */,
				622BD98F2C2A17840024E315 /* CategoryListView.swift */,
				62EB74FB2C24C6B8009F923D /* ArticleListView.swift */,
				6266D9992C2797BB00864C41 /* ArticleGroupView.swift */,
				62EB750B2C24ECE6009F923D /* SmallArticleCellView.swift */,
				62716FBF2C2B5D720030DD3F /* LargeArticleCellView.swift */,
				62716FC92C2B76590030DD3F /* CustomTabBar.swift */,
				626667AA2C25965000BC6E8C /* ArticleDetail */,
			);
			path = View;
			sourceTree = "<group>";
		};
		62EB75062C24CE1B009F923D /* ViewModel */ = {
			isa = PBXGroup;
			children = (
				6266D9972C274DCC00864C41 /* PersonalFeedViewModel.swift */,
				62EB75082C24CE2C009F923D /* ArticleListViewModel.swift */,
				62716FC72C2B715D0030DD3F /* SearchViewModel.swift */,
			);
			path = ViewModel;
			sourceTree = "<group>";
		};
/* End PBXGroup section */

/* Begin PBXNativeTarget section */
		62EB74E82C24C514009F923D /* News */ = {
			isa = PBXNativeTarget;
			buildConfigurationList = 62EB74F72C24C516009F923D /* Build configuration list for PBXNativeTarget "News" */;
			buildPhases = (
				62EB74E52C24C514009F923D /* Sources */,
				62EB74E62C24C514009F923D /* Frameworks */,
				62EB74E72C24C514009F923D /* Resources */,
			);
			buildRules = (
			);
			dependencies = (
			);
			name = News;
			productName = News;
			productReference = 62EB74E92C24C514009F923D /* News.app */;
			productType = "com.apple.product-type.application";
		};
/* End PBXNativeTarget section */

/* Begin PBXProject section */
		62EB74E12C24C514009F923D /* Project object */ = {
			isa = PBXProject;
			attributes = {
				BuildIndependentTargetsInParallel = 1;
				LastSwiftUpdateCheck = 1520;
				LastUpgradeCheck = 1520;
				TargetAttributes = {
					62EB74E82C24C514009F923D = {
						CreatedOnToolsVersion = 15.2;
					};
				};
			};
			buildConfigurationList = 62EB74E42C24C514009F923D /* Build configuration list for PBXProject "News" */;
			compatibilityVersion = "Xcode 14.0";
			developmentRegion = en;
			hasScannedForEncodings = 0;
			knownRegions = (
				en,
				Base,
			);
			mainGroup = 62EB74E02C24C514009F923D;
			productRefGroup = 62EB74EA2C24C514009F923D /* Products */;
			projectDirPath = "";
			projectRoot = "";
			targets = (
				62EB74E82C24C514009F923D /* News */,
			);
		};
/* End PBXProject section */

/* Begin PBXResourcesBuildPhase section */
		62EB74E72C24C514009F923D /* Resources */ = {
			isa = PBXResourcesBuildPhase;
			buildActionMask = 2147483647;
			files = (
				62EB74F42C24C516009F923D /* Preview Assets.xcassets in Resources */,
				62EB74F12C24C516009F923D /* Assets.xcassets in Resources */,
			);
			runOnlyForDeploymentPostprocessing = 0;
		};
/* End PBXResourcesBuildPhase section */

/* Begin PBXSourcesBuildPhase section */
		62EB74E52C24C514009F923D /* Sources */ = {
			isa = PBXSourcesBuildPhase;
			buildActionMask = 2147483647;
			files = (
				62716FC82C2B715D0030DD3F /* SearchViewModel.swift in Sources */,
				62716FC62C2B6B880030DD3F /* ArticleSearchView.swift in Sources */,
				62716FBC2C2B33DD0030DD3F /* UserDefaultKeys.swift in Sources */,
				62716FC42C2B69650030DD3F /* CategoryTitleView.swift in Sources */,
				62EB74FC2C24C6B8009F923D /* ArticleListView.swift in Sources */,
				62716FCA2C2B76590030DD3F /* CustomTabBar.swift in Sources */,
				622BD9922C2A25790024E315 /* TrendingFeedView.swift in Sources */,
				62EB74EF2C24C514009F923D /* ContentView.swift in Sources */,
				62EB75092C24CE2C009F923D /* ArticleListViewModel.swift in Sources */,
				6266D9982C274DCC00864C41 /* PersonalFeedViewModel.swift in Sources */,
				62EB74ED2C24C514009F923D /* NewsApp.swift in Sources */,
				62EB75022C24CB92009F923D /* Article.swift in Sources */,
				626667AC2C25966500BC6E8C /* WebView.swift in Sources */,
				62EB750C2C24ECE6009F923D /* SmallArticleCellView.swift in Sources */,
				6266D9952C274A8000864C41 /* PersonalFeedView.swift in Sources */,
				6266D99C2C289C9F00864C41 /* CategorizedFeedView.swift in Sources */,
				62644D9B2C25AE9E00B09629 /* ArticleDetailView.swift in Sources */,
				62EB75042C24CD1F009F923D /* ArticleResponse.swift in Sources */,
				62716FBE2C2B3B470030DD3F /* Extensions.swift in Sources */,
				62716FC22C2B648A0030DD3F /* PersonalHeaderView.swift in Sources */,
				622BD9902C2A17840024E315 /* CategoryListView.swift in Sources */,
				6266D99A2C2797BB00864C41 /* ArticleGroupView.swift in Sources */,
				62716FC02C2B5D720030DD3F /* LargeArticleCellView.swift in Sources */,
			);
			runOnlyForDeploymentPostprocessing = 0;
		};
/* End PBXSourcesBuildPhase section */

/* Begin XCBuildConfiguration section */
		62EB74F52C24C516009F923D /* Debug */ = {
			isa = XCBuildConfiguration;
			buildSettings = {
				ALWAYS_SEARCH_USER_PATHS = NO;
				ASSETCATALOG_COMPILER_GENERATE_SWIFT_ASSET_SYMBOL_EXTENSIONS = YES;
				CLANG_ANALYZER_NONNULL = YES;
				CLANG_ANALYZER_NUMBER_OBJECT_CONVERSION = YES_AGGRESSIVE;
				CLANG_CXX_LANGUAGE_STANDARD = "gnu++20";
				CLANG_ENABLE_MODULES = YES;
				CLANG_ENABLE_OBJC_ARC = YES;
				CLANG_ENABLE_OBJC_WEAK = YES;
				CLANG_WARN_BLOCK_CAPTURE_AUTORELEASING = YES;
				CLANG_WARN_BOOL_CONVERSION = YES;
				CLANG_WARN_COMMA = YES;
				CLANG_WARN_CONSTANT_CONVERSION = YES;
				CLANG_WARN_DEPRECATED_OBJC_IMPLEMENTATIONS = YES;
				CLANG_WARN_DIRECT_OBJC_ISA_USAGE = YES_ERROR;
				CLANG_WARN_DOCUMENTATION_COMMENTS = YES;
				CLANG_WARN_EMPTY_BODY = YES;
				CLANG_WARN_ENUM_CONVERSION = YES;
				CLANG_WARN_INFINITE_RECURSION = YES;
				CLANG_WARN_INT_CONVERSION = YES;
				CLANG_WARN_NON_LITERAL_NULL_CONVERSION = YES;
				CLANG_WARN_OBJC_IMPLICIT_RETAIN_SELF = YES;
				CLANG_WARN_OBJC_LITERAL_CONVERSION = YES;
				CLANG_WARN_OBJC_ROOT_CLASS = YES_ERROR;
				CLANG_WARN_QUOTED_INCLUDE_IN_FRAMEWORK_HEADER = YES;
				CLANG_WARN_RANGE_LOOP_ANALYSIS = YES;
				CLANG_WARN_STRICT_PROTOTYPES = YES;
				CLANG_WARN_SUSPICIOUS_MOVE = YES;
				CLANG_WARN_UNGUARDED_AVAILABILITY = YES_AGGRESSIVE;
				CLANG_WARN_UNREACHABLE_CODE = YES;
				CLANG_WARN__DUPLICATE_METHOD_MATCH = YES;
				COPY_PHASE_STRIP = NO;
				DEBUG_INFORMATION_FORMAT = dwarf;
				ENABLE_STRICT_OBJC_MSGSEND = YES;
				ENABLE_TESTABILITY = YES;
				ENABLE_USER_SCRIPT_SANDBOXING = YES;
				GCC_C_LANGUAGE_STANDARD = gnu17;
				GCC_DYNAMIC_NO_PIC = NO;
				GCC_NO_COMMON_BLOCKS = YES;
				GCC_OPTIMIZATION_LEVEL = 0;
				GCC_PREPROCESSOR_DEFINITIONS = (
					"DEBUG=1",
					"$(inherited)",
				);
				GCC_WARN_64_TO_32_BIT_CONVERSION = YES;
				GCC_WARN_ABOUT_RETURN_TYPE = YES_ERROR;
				GCC_WARN_UNDECLARED_SELECTOR = YES;
				GCC_WARN_UNINITIALIZED_AUTOS = YES_AGGRESSIVE;
				GCC_WARN_UNUSED_FUNCTION = YES;
				GCC_WARN_UNUSED_VARIABLE = YES;
				IPHONEOS_DEPLOYMENT_TARGET = 17.2;
				LOCALIZATION_PREFERS_STRING_CATALOGS = YES;
				MTL_ENABLE_DEBUG_INFO = INCLUDE_SOURCE;
				MTL_FAST_MATH = YES;
				ONLY_ACTIVE_ARCH = YES;
				SDKROOT = iphoneos;
				SWIFT_ACTIVE_COMPILATION_CONDITIONS = "DEBUG $(inherited)";
				SWIFT_OPTIMIZATION_LEVEL = "-Onone";
			};
			name = Debug;
		};
		62EB74F62C24C516009F923D /* Release */ = {
			isa = XCBuildConfiguration;
			buildSettings = {
				ALWAYS_SEARCH_USER_PATHS = NO;
				ASSETCATALOG_COMPILER_GENERATE_SWIFT_ASSET_SYMBOL_EXTENSIONS = YES;
				CLANG_ANALYZER_NONNULL = YES;
				CLANG_ANALYZER_NUMBER_OBJECT_CONVERSION = YES_AGGRESSIVE;
				CLANG_CXX_LANGUAGE_STANDARD = "gnu++20";
				CLANG_ENABLE_MODULES = YES;
				CLANG_ENABLE_OBJC_ARC = YES;
				CLANG_ENABLE_OBJC_WEAK = YES;
				CLANG_WARN_BLOCK_CAPTURE_AUTORELEASING = YES;
				CLANG_WARN_BOOL_CONVERSION = YES;
				CLANG_WARN_COMMA = YES;
				CLANG_WARN_CONSTANT_CONVERSION = YES;
				CLANG_WARN_DEPRECATED_OBJC_IMPLEMENTATIONS = YES;
				CLANG_WARN_DIRECT_OBJC_ISA_USAGE = YES_ERROR;
				CLANG_WARN_DOCUMENTATION_COMMENTS = YES;
				CLANG_WARN_EMPTY_BODY = YES;
				CLANG_WARN_ENUM_CONVERSION = YES;
				CLANG_WARN_INFINITE_RECURSION = YES;
				CLANG_WARN_INT_CONVERSION = YES;
				CLANG_WARN_NON_LITERAL_NULL_CONVERSION = YES;
				CLANG_WARN_OBJC_IMPLICIT_RETAIN_SELF = YES;
				CLANG_WARN_OBJC_LITERAL_CONVERSION = YES;
				CLANG_WARN_OBJC_ROOT_CLASS = YES_ERROR;
				CLANG_WARN_QUOTED_INCLUDE_IN_FRAMEWORK_HEADER = YES;
				CLANG_WARN_RANGE_LOOP_ANALYSIS = YES;
				CLANG_WARN_STRICT_PROTOTYPES = YES;
				CLANG_WARN_SUSPICIOUS_MOVE = YES;
				CLANG_WARN_UNGUARDED_AVAILABILITY = YES_AGGRESSIVE;
				CLANG_WARN_UNREACHABLE_CODE = YES;
				CLANG_WARN__DUPLICATE_METHOD_MATCH = YES;
				COPY_PHASE_STRIP = NO;
				DEBUG_INFORMATION_FORMAT = "dwarf-with-dsym";
				ENABLE_NS_ASSERTIONS = NO;
				ENABLE_STRICT_OBJC_MSGSEND = YES;
				ENABLE_USER_SCRIPT_SANDBOXING = YES;
				GCC_C_LANGUAGE_STANDARD = gnu17;
				GCC_NO_COMMON_BLOCKS = YES;
				GCC_WARN_64_TO_32_BIT_CONVERSION = YES;
				GCC_WARN_ABOUT_RETURN_TYPE = YES_ERROR;
				GCC_WARN_UNDECLARED_SELECTOR = YES;
				GCC_WARN_UNINITIALIZED_AUTOS = YES_AGGRESSIVE;
				GCC_WARN_UNUSED_FUNCTION = YES;
				GCC_WARN_UNUSED_VARIABLE = YES;
				IPHONEOS_DEPLOYMENT_TARGET = 17.2;
				LOCALIZATION_PREFERS_STRING_CATALOGS = YES;
				MTL_ENABLE_DEBUG_INFO = NO;
				MTL_FAST_MATH = YES;
				SDKROOT = iphoneos;
				SWIFT_COMPILATION_MODE = wholemodule;
				VALIDATE_PRODUCT = YES;
			};
			name = Release;
		};
		62EB74F82C24C516009F923D /* Debug */ = {
			isa = XCBuildConfiguration;
			buildSettings = {
				ASSETCATALOG_COMPILER_APPICON_NAME = AppIcon;
				ASSETCATALOG_COMPILER_GLOBAL_ACCENT_COLOR_NAME = AccentColor;
				CODE_SIGN_STYLE = Automatic;
				CURRENT_PROJECT_VERSION = 1;
				DEVELOPMENT_ASSET_PATHS = "\"News/Preview Content\"";
				DEVELOPMENT_TEAM = 8X8P7X3D8N;
				ENABLE_PREVIEWS = YES;
				GENERATE_INFOPLIST_FILE = YES;
				INFOPLIST_KEY_UIApplicationSceneManifest_Generation = YES;
				INFOPLIST_KEY_UIApplicationSupportsIndirectInputEvents = YES;
				INFOPLIST_KEY_UILaunchScreen_Generation = YES;
				INFOPLIST_KEY_UISupportedInterfaceOrientations_iPad = "UIInterfaceOrientationPortrait UIInterfaceOrientationPortraitUpsideDown UIInterfaceOrientationLandscapeLeft UIInterfaceOrientationLandscapeRight";
				INFOPLIST_KEY_UISupportedInterfaceOrientations_iPhone = "UIInterfaceOrientationPortrait UIInterfaceOrientationLandscapeLeft UIInterfaceOrientationLandscapeRight";
				LD_RUNPATH_SEARCH_PATHS = (
					"$(inherited)",
					"@executable_path/Frameworks",
				);
				MARKETING_VERSION = 1.0;
				PRODUCT_BUNDLE_IDENTIFIER = com.bprldr.News;
				PRODUCT_NAME = "$(TARGET_NAME)";
				SWIFT_EMIT_LOC_STRINGS = YES;
				SWIFT_VERSION = 5.0;
				TARGETED_DEVICE_FAMILY = "1,2";
			};
			name = Debug;
		};
		62EB74F92C24C516009F923D /* Release */ = {
			isa = XCBuildConfiguration;
			buildSettings = {
				ASSETCATALOG_COMPILER_APPICON_NAME = AppIcon;
				ASSETCATALOG_COMPILER_GLOBAL_ACCENT_COLOR_NAME = AccentColor;
				CODE_SIGN_STYLE = Automatic;
				CURRENT_PROJECT_VERSION = 1;
				DEVELOPMENT_ASSET_PATHS = "\"News/Preview Content\"";
				DEVELOPMENT_TEAM = 8X8P7X3D8N;
				ENABLE_PREVIEWS = YES;
				GENERATE_INFOPLIST_FILE = YES;
				INFOPLIST_KEY_UIApplicationSceneManifest_Generation = YES;
				INFOPLIST_KEY_UIApplicationSupportsIndirectInputEvents = YES;
				INFOPLIST_KEY_UILaunchScreen_Generation = YES;
				INFOPLIST_KEY_UISupportedInterfaceOrientations_iPad = "UIInterfaceOrientationPortrait UIInterfaceOrientationPortraitUpsideDown UIInterfaceOrientationLandscapeLeft UIInterfaceOrientationLandscapeRight";
				INFOPLIST_KEY_UISupportedInterfaceOrientations_iPhone = "UIInterfaceOrientationPortrait UIInterfaceOrientationLandscapeLeft UIInterfaceOrientationLandscapeRight";
				LD_RUNPATH_SEARCH_PATHS = (
					"$(inherited)",
					"@executable_path/Frameworks",
				);
				MARKETING_VERSION = 1.0;
				PRODUCT_BUNDLE_IDENTIFIER = com.bprldr.News;
				PRODUCT_NAME = "$(TARGET_NAME)";
				SWIFT_EMIT_LOC_STRINGS = YES;
				SWIFT_VERSION = 5.0;
				TARGETED_DEVICE_FAMILY = "1,2";
			};
			name = Release;
		};
/* End XCBuildConfiguration section */

/* Begin XCConfigurationList section */
		62EB74E42C24C514009F923D /* Build configuration list for PBXProject "News" */ = {
			isa = XCConfigurationList;
			buildConfigurations = (
				62EB74F52C24C516009F923D /* Debug */,
				62EB74F62C24C516009F923D /* Release */,
			);
			defaultConfigurationIsVisible = 0;
			defaultConfigurationName = Release;
		};
		62EB74F72C24C516009F923D /* Build configuration list for PBXNativeTarget "News" */ = {
			isa = XCConfigurationList;
			buildConfigurations = (
				62EB74F82C24C516009F923D /* Debug */,
				62EB74F92C24C516009F923D /* Release */,
			);
			defaultConfigurationIsVisible = 0;
			defaultConfigurationName = Release;
		};
/* End XCConfigurationList section */
	};
	rootObject = 62EB74E12C24C514009F923D /* Project object */;
}
