// !$*UTF8*$!
{
	archiveVersion = 1;
	classes = {
	};
	objectVersion = 56;
	objects = {

/* Begin PBXBuildFile section */
		62644D9B2C25AE9E00B09629 /* ArticleDetailView.swift in Sources */ = {isa = PBXBuildFile; fileRef = 62644D9A2C25AE9E00B09629 /* ArticleDetailView.swift */; };
		62644D9E2C25B5C800B09629 /* GroupTitle.swift in Sources */ = {isa = PBXBuildFile; fileRef = 62644D9D2C25B5C800B09629 /* GroupTitle.swift */; };
		626667AC2C25966500BC6E8C /* WebView.swift in Sources */ = {isa = PBXBuildFile; fileRef = 626667AB2C25966500BC6E8C /* WebView.swift */; };
		62C92F312C25BCE60011BDA8 /* ArticleGroup.swift in Sources */ = {isa = PBXBuildFile; fileRef = 62C92F302C25BCE60011BDA8 /* ArticleGroup.swift */; };
		62C92F342C25BDB80011BDA8 /* GroupDivider.swift in Sources */ = {isa = PBXBuildFile; fileRef = 62C92F332C25BDB80011BDA8 /* GroupDivider.swift */; };
		62EB74ED2C24C514009F923D /* NewsApp.swift in Sources */ = {isa = PBXBuildFile; fileRef = 62EB74EC2C24C514009F923D /* NewsApp.swift */; };
		62EB74EF2C24C514009F923D /* ContentView.swift in Sources */ = {isa = PBXBuildFile; fileRef = 62EB74EE2C24C514009F923D /* ContentView.swift */; };
		62EB74F12C24C516009F923D /* Assets.xcassets in Resources */ = {isa = PBXBuildFile; fileRef = 62EB74F02C24C516009F923D /* Assets.xcassets */; };
		62EB74F42C24C516009F923D /* Preview Assets.xcassets in Resources */ = {isa = PBXBuildFile; fileRef = 62EB74F32C24C516009F923D /* Preview Assets.xcassets */; };
		62EB74FC2C24C6B8009F923D /* HomeView.swift in Sources */ = {isa = PBXBuildFile; fileRef = 62EB74FB2C24C6B8009F923D /* HomeView.swift */; };
		62EB74FF2C24C742009F923D /* HeaderView.swift in Sources */ = {isa = PBXBuildFile; fileRef = 62EB74FE2C24C742009F923D /* HeaderView.swift */; };
		62EB75022C24CB92009F923D /* Article.swift in Sources */ = {isa = PBXBuildFile; fileRef = 62EB75012C24CB92009F923D /* Article.swift */; };
		62EB75042C24CD1F009F923D /* ArticleResponse.swift in Sources */ = {isa = PBXBuildFile; fileRef = 62EB75032C24CD1F009F923D /* ArticleResponse.swift */; };
		62EB75092C24CE2C009F923D /* HomeViewModel.swift in Sources */ = {isa = PBXBuildFile; fileRef = 62EB75082C24CE2C009F923D /* HomeViewModel.swift */; };
		62EB750C2C24ECE6009F923D /* ArticleCell.swift in Sources */ = {isa = PBXBuildFile; fileRef = 62EB750B2C24ECE6009F923D /* ArticleCell.swift */; };
/* End PBXBuildFile section */

/* Begin PBXFileReference section */
		62644D9A2C25AE9E00B09629 /* ArticleDetailView.swift */ = {isa = PBXFileReference; lastKnownFileType = sourcecode.swift; path = ArticleDetailView.swift; sourceTree = "<group>"; };
		62644D9D2C25B5C800B09629 /* GroupTitle.swift */ = {isa = PBXFileReference; lastKnownFileType = sourcecode.swift; path = GroupTitle.swift; sourceTree = "<group>"; };
		626667AB2C25966500BC6E8C /* WebView.swift */ = {isa = PBXFileReference; lastKnownFileType = sourcecode.swift; path = WebView.swift; sourceTree = "<group>"; };
		62C92F302C25BCE60011BDA8 /* ArticleGroup.swift */ = {isa = PBXFileReference; lastKnownFileType = sourcecode.swift; path = ArticleGroup.swift; sourceTree = "<group>"; };
		62C92F332C25BDB80011BDA8 /* GroupDivider.swift */ = {isa = PBXFileReference; lastKnownFileType = sourcecode.swift; path = GroupDivider.swift; sourceTree = "<group>"; };
		62EB74E92C24C514009F923D /* News.app */ = {isa = PBXFileReference; explicitFileType = wrapper.application; includeInIndex = 0; path = News.app; sourceTree = BUILT_PRODUCTS_DIR; };
		62EB74EC2C24C514009F923D /* NewsApp.swift */ = {isa = PBXFileReference; lastKnownFileType = sourcecode.swift; path = NewsApp.swift; sourceTree = "<group>"; };
		62EB74EE2C24C514009F923D /* ContentView.swift */ = {isa = PBXFileReference; lastKnownFileType = sourcecode.swift; path = ContentView.swift; sourceTree = "<group>"; };
		62EB74F02C24C516009F923D /* Assets.xcassets */ = {isa = PBXFileReference; lastKnownFileType = folder.assetcatalog; path = Assets.xcassets; sourceTree = "<group>"; };
		62EB74F32C24C516009F923D /* Preview Assets.xcassets */ = {isa = PBXFileReference; lastKnownFileType = folder.assetcatalog; path = "Preview Assets.xcassets"; sourceTree = "<group>"; };
		62EB74FB2C24C6B8009F923D /* HomeView.swift */ = {isa = PBXFileReference; lastKnownFileType = sourcecode.swift; path = HomeView.swift; sourceTree = "<group>"; };
		62EB74FE2C24C742009F923D /* HeaderView.swift */ = {isa = PBXFileReference; lastKnownFileType = sourcecode.swift; path = HeaderView.swift; sourceTree = "<group>"; };
		62EB75012C24CB92009F923D /* Article.swift */ = {isa = PBXFileReference; lastKnownFileType = sourcecode.swift; path = Article.swift; sourceTree = "<group>"; };
		62EB75032C24CD1F009F923D /* ArticleResponse.swift */ = {isa = PBXFileReference; lastKnownFileType = sourcecode.swift; path = ArticleResponse.swift; sourceTree = "<group>"; };
		62EB75082C24CE2C009F923D /* HomeViewModel.swift */ = {isa = PBXFileReference; lastKnownFileType = sourcecode.swift; path = HomeViewModel.swift; sourceTree = "<group>"; };
		62EB750B2C24ECE6009F923D /* ArticleCell.swift */ = {isa = PBXFileReference; lastKnownFileType = sourcecode.swift; path = ArticleCell.swift; sourceTree = "<group>"; };
/* End PBXFileReference section */

/* Begin PBXFrameworksBuildPhase section */
		62EB74E62C24C514009F923D /* Frameworks */ = {
			isa = PBXFrameworksBuildPhase;
			buildActionMask = 2147483647;
			files = (
			);
			runOnlyForDeploymentPostprocessing = 0;
		};
/* End PBXFrameworksBuildPhase section */

/* Begin PBXGroup section */
		62644D9C2C25B5B800B09629 /* GroupTitle */ = {
			isa = PBXGroup;
			children = (
				62644D9D2C25B5C800B09629 /* GroupTitle.swift */,
			);
			path = GroupTitle;
			sourceTree = "<group>";
		};
		626667AA2C25965000BC6E8C /* ArticleDetail */ = {
			isa = PBXGroup;
			children = (
				626667AB2C25966500BC6E8C /* WebView.swift */,
				62644D9A2C25AE9E00B09629 /* ArticleDetailView.swift */,
			);
			path = ArticleDetail;
			sourceTree = "<group>";
		};
		62C92F2F2C25BCD80011BDA8 /* ArticleGroup */ = {
			isa = PBXGroup;
			children = (
				62C92F302C25BCE60011BDA8 /* ArticleGroup.swift */,
			);
			path = ArticleGroup;
			sourceTree = "<group>";
		};
		62C92F322C25BD570011BDA8 /* GroupDivider */ = {
			isa = PBXGroup;
			children = (
				62C92F332C25BDB80011BDA8 /* GroupDivider.swift */,
			);
			path = GroupDivider;
			sourceTree = "<group>";
		};
		62EB74E02C24C514009F923D = {
			isa = PBXGroup;
			children = (
				62EB74EB2C24C514009F923D /* News */,
				62EB74EA2C24C514009F923D /* Products */,
			);
			sourceTree = "<group>";
		};
		62EB74EA2C24C514009F923D /* Products */ = {
			isa = PBXGroup;
			children = (
				62EB74E92C24C514009F923D /* News.app */,
			);
			name = Products;
			sourceTree = "<group>";
		};
		62EB74EB2C24C514009F923D /* News */ = {
			isa = PBXGroup;
			children = (
				62EB75062C24CE1B009F923D /* ViewModel */,
				62EB75052C24CE13009F923D /* View */,
				62EB75002C24CA6B009F923D /* Model */,
				62EB74EC2C24C514009F923D /* NewsApp.swift */,
				62EB74EE2C24C514009F923D /* ContentView.swift */,
				62EB74F02C24C516009F923D /* Assets.xcassets */,
				62EB74F22C24C516009F923D /* Preview Content */,
			);
			path = News;
			sourceTree = "<group>";
		};
		62EB74F22C24C516009F923D /* Preview Content */ = {
			isa = PBXGroup;
			children = (
				62EB74F32C24C516009F923D /* Preview Assets.xcassets */,
			);
			path = "Preview Content";
			sourceTree = "<group>";
		};
		62EB74FA2C24C6A7009F923D /* Home */ = {
			isa = PBXGroup;
			children = (
				62C92F322C25BD570011BDA8 /* GroupDivider */,
				62C92F2F2C25BCD80011BDA8 /* ArticleGroup */,
				62644D9C2C25B5B800B09629 /* GroupTitle */,
				62EB750A2C24ECDB009F923D /* ArticleCell */,
				62EB74FD2C24C728009F923D /* Header */,
				62EB74FB2C24C6B8009F923D /* HomeView.swift */,
			);
			path = Home;
			sourceTree = "<group>";
		};
		62EB74FD2C24C728009F923D /* Header */ = {
			isa = PBXGroup;
			children = (
				62EB74FE2C24C742009F923D /* HeaderView.swift */,
			);
			path = Header;
			sourceTree = "<group>";
		};
		62EB75002C24CA6B009F923D /* Model */ = {
			isa = PBXGroup;
			children = (
				62EB75012C24CB92009F923D /* Article.swift */,
				62EB75032C24CD1F009F923D /* ArticleResponse.swift */,
			);
			path = Model;
			sourceTree = "<group>";
		};
		62EB75052C24CE13009F923D /* View */ = {
			isa = PBXGroup;
			children = (
				626667AA2C25965000BC6E8C /* ArticleDetail */,
				62EB74FA2C24C6A7009F923D /* Home */,
			);
			path = View;
			sourceTree = "<group>";
		};
		62EB75062C24CE1B009F923D /* ViewModel */ = {
			isa = PBXGroup;
			children = (
				62EB75072C24CE1F009F923D /* Home */,
			);
			path = ViewModel;
			sourceTree = "<group>";
		};
		62EB75072C24CE1F009F923D /* Home */ = {
			isa = PBXGroup;
			children = (
				62EB75082C24CE2C009F923D /* HomeViewModel.swift */,
			);
			path = Home;
			sourceTree = "<group>";
		};
		62EB750A2C24ECDB009F923D /* ArticleCell */ = {
			isa = PBXGroup;
			children = (
				62EB750B2C24ECE6009F923D /* ArticleCell.swift */,
			);
			path = ArticleCell;
			sourceTree = "<group>";
		};
/* End PBXGroup section */

/* Begin PBXNativeTarget section */
		62EB74E82C24C514009F923D /* News */ = {
			isa = PBXNativeTarget;
			buildConfigurationList = 62EB74F72C24C516009F923D /* Build configuration list for PBXNativeTarget "News" */;
			buildPhases = (
				62EB74E52C24C514009F923D /* Sources */,
				62EB74E62C24C514009F923D /* Frameworks */,
				62EB74E72C24C514009F923D /* Resources */,
			);
			buildRules = (
			);
			dependencies = (
			);
			name = News;
			productName = News;
			productReference = 62EB74E92C24C514009F923D /* News.app */;
			productType = "com.apple.product-type.application";
		};
/* End PBXNativeTarget section */

/* Begin PBXProject section */
		62EB74E12C24C514009F923D /* Project object */ = {
			isa = PBXProject;
			attributes = {
				BuildIndependentTargetsInParallel = 1;
				LastSwiftUpdateCheck = 1520;
				LastUpgradeCheck = 1520;
				TargetAttributes = {
					62EB74E82C24C514009F923D = {
						CreatedOnToolsVersion = 15.2;
					};
				};
			};
			buildConfigurationList = 62EB74E42C24C514009F923D /* Build configuration list for PBXProject "News" */;
			compatibilityVersion = "Xcode 14.0";
			developmentRegion = en;
			hasScannedForEncodings = 0;
			knownRegions = (
				en,
				Base,
			);
			mainGroup = 62EB74E02C24C514009F923D;
			productRefGroup = 62EB74EA2C24C514009F923D /* Products */;
			projectDirPath = "";
			projectRoot = "";
			targets = (
				62EB74E82C24C514009F923D /* News */,
			);
		};
/* End PBXProject section */

/* Begin PBXResourcesBuildPhase section */
		62EB74E72C24C514009F923D /* Resources */ = {
			isa = PBXResourcesBuildPhase;
			buildActionMask = 2147483647;
			files = (
				62EB74F42C24C516009F923D /* Preview Assets.xcassets in Resources */,
				62EB74F12C24C516009F923D /* Assets.xcassets in Resources */,
			);
			runOnlyForDeploymentPostprocessing = 0;
		};
/* End PBXResourcesBuildPhase section */

/* Begin PBXSourcesBuildPhase section */
		62EB74E52C24C514009F923D /* Sources */ = {
			isa = PBXSourcesBuildPhase;
			buildActionMask = 2147483647;
			files = (
				62EB74FC2C24C6B8009F923D /* HomeView.swift in Sources */,
				62EB74EF2C24C514009F923D /* ContentView.swift in Sources */,
				62EB75092C24CE2C009F923D /* HomeViewModel.swift in Sources */,
				62EB74ED2C24C514009F923D /* NewsApp.swift in Sources */,
				62EB74FF2C24C742009F923D /* HeaderView.swift in Sources */,
				62EB75022C24CB92009F923D /* Article.swift in Sources */,
				626667AC2C25966500BC6E8C /* WebView.swift in Sources */,
				62EB750C2C24ECE6009F923D /* ArticleCell.swift in Sources */,
				62644D9B2C25AE9E00B09629 /* ArticleDetailView.swift in Sources */,
				62EB75042C24CD1F009F923D /* ArticleResponse.swift in Sources */,
				62C92F312C25BCE60011BDA8 /* ArticleGroup.swift in Sources */,
				62644D9E2C25B5C800B09629 /* GroupTitle.swift in Sources */,
				62C92F342C25BDB80011BDA8 /* GroupDivider.swift in Sources */,
			);
			runOnlyForDeploymentPostprocessing = 0;
		};
/* End PBXSourcesBuildPhase section */

/* Begin XCBuildConfiguration section */
		62EB74F52C24C516009F923D /* Debug */ = {
			isa = XCBuildConfiguration;
			buildSettings = {
				ALWAYS_SEARCH_USER_PATHS = NO;
				ASSETCATALOG_COMPILER_GENERATE_SWIFT_ASSET_SYMBOL_EXTENSIONS = YES;
				CLANG_ANALYZER_NONNULL = YES;
				CLANG_ANALYZER_NUMBER_OBJECT_CONVERSION = YES_AGGRESSIVE;
				CLANG_CXX_LANGUAGE_STANDARD = "gnu++20";
				CLANG_ENABLE_MODULES = YES;
				CLANG_ENABLE_OBJC_ARC = YES;
				CLANG_ENABLE_OBJC_WEAK = YES;
				CLANG_WARN_BLOCK_CAPTURE_AUTORELEASING = YES;
				CLANG_WARN_BOOL_CONVERSION = YES;
				CLANG_WARN_COMMA = YES;
				CLANG_WARN_CONSTANT_CONVERSION = YES;
				CLANG_WARN_DEPRECATED_OBJC_IMPLEMENTATIONS = YES;
				CLANG_WARN_DIRECT_OBJC_ISA_USAGE = YES_ERROR;
				CLANG_WARN_DOCUMENTATION_COMMENTS = YES;
				CLANG_WARN_EMPTY_BODY = YES;
				CLANG_WARN_ENUM_CONVERSION = YES;
				CLANG_WARN_INFINITE_RECURSION = YES;
				CLANG_WARN_INT_CONVERSION = YES;
				CLANG_WARN_NON_LITERAL_NULL_CONVERSION = YES;
				CLANG_WARN_OBJC_IMPLICIT_RETAIN_SELF = YES;
				CLANG_WARN_OBJC_LITERAL_CONVERSION = YES;
				CLANG_WARN_OBJC_ROOT_CLASS = YES_ERROR;
				CLANG_WARN_QUOTED_INCLUDE_IN_FRAMEWORK_HEADER = YES;
				CLANG_WARN_RANGE_LOOP_ANALYSIS = YES;
				CLANG_WARN_STRICT_PROTOTYPES = YES;
				CLANG_WARN_SUSPICIOUS_MOVE = YES;
				CLANG_WARN_UNGUARDED_AVAILABILITY = YES_AGGRESSIVE;
				CLANG_WARN_UNREACHABLE_CODE = YES;
				CLANG_WARN__DUPLICATE_METHOD_MATCH = YES;
				COPY_PHASE_STRIP = NO;
				DEBUG_INFORMATION_FORMAT = dwarf;
				ENABLE_STRICT_OBJC_MSGSEND = YES;
				ENABLE_TESTABILITY = YES;
				ENABLE_USER_SCRIPT_SANDBOXING = YES;
				GCC_C_LANGUAGE_STANDARD = gnu17;
				GCC_DYNAMIC_NO_PIC = NO;
				GCC_NO_COMMON_BLOCKS = YES;
				GCC_OPTIMIZATION_LEVEL = 0;
				GCC_PREPROCESSOR_DEFINITIONS = (
					"DEBUG=1",
					"$(inherited)",
				);
				GCC_WARN_64_TO_32_BIT_CONVERSION = YES;
				GCC_WARN_ABOUT_RETURN_TYPE = YES_ERROR;
				GCC_WARN_UNDECLARED_SELECTOR = YES;
				GCC_WARN_UNINITIALIZED_AUTOS = YES_AGGRESSIVE;
				GCC_WARN_UNUSED_FUNCTION = YES;
				GCC_WARN_UNUSED_VARIABLE = YES;
				IPHONEOS_DEPLOYMENT_TARGET = 17.2;
				LOCALIZATION_PREFERS_STRING_CATALOGS = YES;
				MTL_ENABLE_DEBUG_INFO = INCLUDE_SOURCE;
				MTL_FAST_MATH = YES;
				ONLY_ACTIVE_ARCH = YES;
				SDKROOT = iphoneos;
				SWIFT_ACTIVE_COMPILATION_CONDITIONS = "DEBUG $(inherited)";
				SWIFT_OPTIMIZATION_LEVEL = "-Onone";
			};
			name = Debug;
		};
		62EB74F62C24C516009F923D /* Release */ = {
			isa = XCBuildConfiguration;
			buildSettings = {
				ALWAYS_SEARCH_USER_PATHS = NO;
				ASSETCATALOG_COMPILER_GENERATE_SWIFT_ASSET_SYMBOL_EXTENSIONS = YES;
				CLANG_ANALYZER_NONNULL = YES;
				CLANG_ANALYZER_NUMBER_OBJECT_CONVERSION = YES_AGGRESSIVE;
				CLANG_CXX_LANGUAGE_STANDARD = "gnu++20";
				CLANG_ENABLE_MODULES = YES;
				CLANG_ENABLE_OBJC_ARC = YES;
				CLANG_ENABLE_OBJC_WEAK = YES;
				CLANG_WARN_BLOCK_CAPTURE_AUTORELEASING = YES;
				CLANG_WARN_BOOL_CONVERSION = YES;
				CLANG_WARN_COMMA = YES;
				CLANG_WARN_CONSTANT_CONVERSION = YES;
				CLANG_WARN_DEPRECATED_OBJC_IMPLEMENTATIONS = YES;
				CLANG_WARN_DIRECT_OBJC_ISA_USAGE = YES_ERROR;
				CLANG_WARN_DOCUMENTATION_COMMENTS = YES;
				CLANG_WARN_EMPTY_BODY = YES;
				CLANG_WARN_ENUM_CONVERSION = YES;
				CLANG_WARN_INFINITE_RECURSION = YES;
				CLANG_WARN_INT_CONVERSION = YES;
				CLANG_WARN_NON_LITERAL_NULL_CONVERSION = YES;
				CLANG_WARN_OBJC_IMPLICIT_RETAIN_SELF = YES;
				CLANG_WARN_OBJC_LITERAL_CONVERSION = YES;
				CLANG_WARN_OBJC_ROOT_CLASS = YES_ERROR;
				CLANG_WARN_QUOTED_INCLUDE_IN_FRAMEWORK_HEADER = YES;
				CLANG_WARN_RANGE_LOOP_ANALYSIS = YES;
				CLANG_WARN_STRICT_PROTOTYPES = YES;
				CLANG_WARN_SUSPICIOUS_MOVE = YES;
				CLANG_WARN_UNGUARDED_AVAILABILITY = YES_AGGRESSIVE;
				CLANG_WARN_UNREACHABLE_CODE = YES;
				CLANG_WARN__DUPLICATE_METHOD_MATCH = YES;
				COPY_PHASE_STRIP = NO;
				DEBUG_INFORMATION_FORMAT = "dwarf-with-dsym";
				ENABLE_NS_ASSERTIONS = NO;
				ENABLE_STRICT_OBJC_MSGSEND = YES;
				ENABLE_USER_SCRIPT_SANDBOXING = YES;
				GCC_C_LANGUAGE_STANDARD = gnu17;
				GCC_NO_COMMON_BLOCKS = YES;
				GCC_WARN_64_TO_32_BIT_CONVERSION = YES;
				GCC_WARN_ABOUT_RETURN_TYPE = YES_ERROR;
				GCC_WARN_UNDECLARED_SELECTOR = YES;
				GCC_WARN_UNINITIALIZED_AUTOS = YES_AGGRESSIVE;
				GCC_WARN_UNUSED_FUNCTION = YES;
				GCC_WARN_UNUSED_VARIABLE = YES;
				IPHONEOS_DEPLOYMENT_TARGET = 17.2;
				LOCALIZATION_PREFERS_STRING_CATALOGS = YES;
				MTL_ENABLE_DEBUG_INFO = NO;
				MTL_FAST_MATH = YES;
				SDKROOT = iphoneos;
				SWIFT_COMPILATION_MODE = wholemodule;
				VALIDATE_PRODUCT = YES;
			};
			name = Release;
		};
		62EB74F82C24C516009F923D /* Debug */ = {
			isa = XCBuildConfiguration;
			buildSettings = {
				ASSETCATALOG_COMPILER_APPICON_NAME = AppIcon;
				ASSETCATALOG_COMPILER_GLOBAL_ACCENT_COLOR_NAME = AccentColor;
				CODE_SIGN_STYLE = Automatic;
				CURRENT_PROJECT_VERSION = 1;
				DEVELOPMENT_ASSET_PATHS = "\"News/Preview Content\"";
				DEVELOPMENT_TEAM = 8X8P7X3D8N;
				ENABLE_PREVIEWS = YES;
				GENERATE_INFOPLIST_FILE = YES;
				INFOPLIST_KEY_UIApplicationSceneManifest_Generation = YES;
				INFOPLIST_KEY_UIApplicationSupportsIndirectInputEvents = YES;
				INFOPLIST_KEY_UILaunchScreen_Generation = YES;
				INFOPLIST_KEY_UISupportedInterfaceOrientations_iPad = "UIInterfaceOrientationPortrait UIInterfaceOrientationPortraitUpsideDown UIInterfaceOrientationLandscapeLeft UIInterfaceOrientationLandscapeRight";
				INFOPLIST_KEY_UISupportedInterfaceOrientations_iPhone = "UIInterfaceOrientationPortrait UIInterfaceOrientationLandscapeLeft UIInterfaceOrientationLandscapeRight";
				LD_RUNPATH_SEARCH_PATHS = (
					"$(inherited)",
					"@executable_path/Frameworks",
				);
				MARKETING_VERSION = 1.0;
				PRODUCT_BUNDLE_IDENTIFIER = com.bprldr.News;
				PRODUCT_NAME = "$(TARGET_NAME)";
				SWIFT_EMIT_LOC_STRINGS = YES;
				SWIFT_VERSION = 5.0;
				TARGETED_DEVICE_FAMILY = "1,2";
			};
			name = Debug;
		};
		62EB74F92C24C516009F923D /* Release */ = {
			isa = XCBuildConfiguration;
			buildSettings = {
				ASSETCATALOG_COMPILER_APPICON_NAME = AppIcon;
				ASSETCATALOG_COMPILER_GLOBAL_ACCENT_COLOR_NAME = AccentColor;
				CODE_SIGN_STYLE = Automatic;
				CURRENT_PROJECT_VERSION = 1;
				DEVELOPMENT_ASSET_PATHS = "\"News/Preview Content\"";
				DEVELOPMENT_TEAM = 8X8P7X3D8N;
				ENABLE_PREVIEWS = YES;
				GENERATE_INFOPLIST_FILE = YES;
				INFOPLIST_KEY_UIApplicationSceneManifest_Generation = YES;
				INFOPLIST_KEY_UIApplicationSupportsIndirectInputEvents = YES;
				INFOPLIST_KEY_UILaunchScreen_Generation = YES;
				INFOPLIST_KEY_UISupportedInterfaceOrientations_iPad = "UIInterfaceOrientationPortrait UIInterfaceOrientationPortraitUpsideDown UIInterfaceOrientationLandscapeLeft UIInterfaceOrientationLandscapeRight";
				INFOPLIST_KEY_UISupportedInterfaceOrientations_iPhone = "UIInterfaceOrientationPortrait UIInterfaceOrientationLandscapeLeft UIInterfaceOrientationLandscapeRight";
				LD_RUNPATH_SEARCH_PATHS = (
					"$(inherited)",
					"@executable_path/Frameworks",
				);
				MARKETING_VERSION = 1.0;
				PRODUCT_BUNDLE_IDENTIFIER = com.bprldr.News;
				PRODUCT_NAME = "$(TARGET_NAME)";
				SWIFT_EMIT_LOC_STRINGS = YES;
				SWIFT_VERSION = 5.0;
				TARGETED_DEVICE_FAMILY = "1,2";
			};
			name = Release;
		};
/* End XCBuildConfiguration section */

/* Begin XCConfigurationList section */
		62EB74E42C24C514009F923D /* Build configuration list for PBXProject "News" */ = {
			isa = XCConfigurationList;
			buildConfigurations = (
				62EB74F52C24C516009F923D /* Debug */,
				62EB74F62C24C516009F923D /* Release */,
			);
			defaultConfigurationIsVisible = 0;
			defaultConfigurationName = Release;
		};
		62EB74F72C24C516009F923D /* Build configuration list for PBXNativeTarget "News" */ = {
			isa = XCConfigurationList;
			buildConfigurations = (
				62EB74F82C24C516009F923D /* Debug */,
				62EB74F92C24C516009F923D /* Release */,
			);
			defaultConfigurationIsVisible = 0;
			defaultConfigurationName = Release;
		};
/* End XCConfigurationList section */
	};
	rootObject = 62EB74E12C24C514009F923D /* Project object */;
}
